// !$*UTF8*$!
{
	archiveVersion = 1;
	classes = {
	};
	objectVersion = 50;
	objects = {

/* Begin PBXBuildFile section */
		9442AFD4242F80EC008E2602 /* States.json in Resources */ = {isa = PBXBuildFile; fileRef = 9442AFD3242F80EC008E2602 /* States.json */; };
		9442AFD6242F8122008E2602 /* StateLookupData.swift in Sources */ = {isa = PBXBuildFile; fileRef = 9442AFD5242F8122008E2602 /* StateLookupData.swift */; };
		9442AFD8242F8262008E2602 /* StateDetailView.swift in Sources */ = {isa = PBXBuildFile; fileRef = 9442AFD7242F8262008E2602 /* StateDetailView.swift */; };
		9442AFDA242F9553008E2602 /* Logs.swift in Sources */ = {isa = PBXBuildFile; fileRef = 9442AFD9242F9553008E2602 /* Logs.swift */; };
		9442AFDC243041CB008E2602 /* StateInfo.json in Resources */ = {isa = PBXBuildFile; fileRef = 9442AFDB243041CB008E2602 /* StateInfo.json */; };
		9442AFDE243041FC008E2602 /* PressInfo.json in Resources */ = {isa = PBXBuildFile; fileRef = 9442AFDD243041FC008E2602 /* PressInfo.json */; };
		9442AFE22430C94F008E2602 /* StateInfoViewModel.swift in Sources */ = {isa = PBXBuildFile; fileRef = 9442AFE12430C94F008E2602 /* StateInfoViewModel.swift */; };
		9442AFE42430CBB0008E2602 /* StateInfoView.swift in Sources */ = {isa = PBXBuildFile; fileRef = 9442AFE32430CBB0008E2602 /* StateInfoView.swift */; };
		9442AFE62430D870008E2602 /* StateWebController.swift in Sources */ = {isa = PBXBuildFile; fileRef = 9442AFE52430D870008E2602 /* StateWebController.swift */; };
		9442AFE82430EFAC008E2602 /* LoadingView.swift in Sources */ = {isa = PBXBuildFile; fileRef = 9442AFE72430EFAC008E2602 /* LoadingView.swift */; };
		9442AFEA24313FE7008E2602 /* StatePressView.swift in Sources */ = {isa = PBXBuildFile; fileRef = 9442AFE924313FE7008E2602 /* StatePressView.swift */; };
		9442AFEC24314004008E2602 /* StatePressViewModel.swift in Sources */ = {isa = PBXBuildFile; fileRef = 9442AFEB24314004008E2602 /* StatePressViewModel.swift */; };
		9442AFEE24320A91008E2602 /* UserData.swift in Sources */ = {isa = PBXBuildFile; fileRef = 9442AFED24320A91008E2602 /* UserData.swift */; };
		947D2002243AC0A700F878A8 /* USTotalsView.swift in Sources */ = {isa = PBXBuildFile; fileRef = 947D2001243AC0A700F878A8 /* USTotalsView.swift */; };
		94DD8FBC2432D81E003EC554 /* StateDaily.json in Resources */ = {isa = PBXBuildFile; fileRef = 94DD8FBB2432D81E003EC554 /* StateDaily.json */; };
		94EF6284242E5251006BFB4F /* AppDelegate.swift in Sources */ = {isa = PBXBuildFile; fileRef = 94EF6283242E5251006BFB4F /* AppDelegate.swift */; };
		94EF6286242E5251006BFB4F /* SceneDelegate.swift in Sources */ = {isa = PBXBuildFile; fileRef = 94EF6285242E5251006BFB4F /* SceneDelegate.swift */; };
		94EF6288242E5251006BFB4F /* ContentView.swift in Sources */ = {isa = PBXBuildFile; fileRef = 94EF6287242E5251006BFB4F /* ContentView.swift */; };
		94EF628A242E5253006BFB4F /* Assets.xcassets in Resources */ = {isa = PBXBuildFile; fileRef = 94EF6289242E5253006BFB4F /* Assets.xcassets */; };
		94EF628D242E5253006BFB4F /* Preview Assets.xcassets in Resources */ = {isa = PBXBuildFile; fileRef = 94EF628C242E5253006BFB4F /* Preview Assets.xcassets */; };
		94EF6290242E5253006BFB4F /* LaunchScreen.storyboard in Resources */ = {isa = PBXBuildFile; fileRef = 94EF628E242E5253006BFB4F /* LaunchScreen.storyboard */; };
		94EF629B242E5253006BFB4F /* StateDataTest.swift in Sources */ = {isa = PBXBuildFile; fileRef = 94EF629A242E5253006BFB4F /* StateDataTest.swift */; };
		94EF62AB242E5F43006BFB4F /* Models.swift in Sources */ = {isa = PBXBuildFile; fileRef = 94EF62AA242E5F43006BFB4F /* Models.swift */; };
		94EF62AE242E61D2006BFB4F /* StateMock.json in Resources */ = {isa = PBXBuildFile; fileRef = 94EF62AD242E61D2006BFB4F /* StateMock.json */; };
		94EF62B1242E641E006BFB4F /* FileSystemExtensions.swift in Sources */ = {isa = PBXBuildFile; fileRef = 94EF62B0242E641E006BFB4F /* FileSystemExtensions.swift */; };
		94EF62B4242E7DED006BFB4F /* StateViewModel.swift in Sources */ = {isa = PBXBuildFile; fileRef = 94EF62B3242E7DED006BFB4F /* StateViewModel.swift */; };
		94EF62B7242E8125006BFB4F /* StateFetcher.swift in Sources */ = {isa = PBXBuildFile; fileRef = 94EF62B6242E8125006BFB4F /* StateFetcher.swift */; };
		94EF62BA242E8232006BFB4F /* ErrorConstants.swift in Sources */ = {isa = PBXBuildFile; fileRef = 94EF62B9242E8232006BFB4F /* ErrorConstants.swift */; };
		94EF62BC242E8C2C006BFB4F /* Parsing.swift in Sources */ = {isa = PBXBuildFile; fileRef = 94EF62BB242E8C2C006BFB4F /* Parsing.swift */; };
		94EF62BE242E8FEE006BFB4F /* StatesView.swift in Sources */ = {isa = PBXBuildFile; fileRef = 94EF62BD242E8FEE006BFB4F /* StatesView.swift */; };
		94F64884244C8804002C8284 /* AboutView.swift in Sources */ = {isa = PBXBuildFile; fileRef = 94F64883244C8804002C8284 /* AboutView.swift */; };
		94F64886244F89AA002C8284 /* BarView.swift in Sources */ = {isa = PBXBuildFile; fileRef = 94F64885244F89AA002C8284 /* BarView.swift */; };
		FA1F78C5243A394600FFC39F /* USTotals.json in Resources */ = {isa = PBXBuildFile; fileRef = FA1F78C4243A394600FFC39F /* USTotals.json */; };
		FA78982D244B664C0060993E /* ErrorLog.json in Resources */ = {isa = PBXBuildFile; fileRef = FA78982C244B664C0060993E /* ErrorLog.json */; };
		FAD586D4243A889200718C56 /* USInfoViewModel.swift in Sources */ = {isa = PBXBuildFile; fileRef = FAD586D3243A889200718C56 /* USInfoViewModel.swift */; };
/* End PBXBuildFile section */

/* Begin PBXContainerItemProxy section */
		94229807244A2C94000EA10F /* PBXContainerItemProxy */ = {
			isa = PBXContainerItemProxy;
			containerPortal = 94EF6278242E5251006BFB4F /* Project object */;
			proxyType = 1;
			remoteGlobalIDString = 94EF627F242E5251006BFB4F;
			remoteInfo = covid19tracker;
		};
/* End PBXContainerItemProxy section */

/* Begin PBXFileReference section */
		9442AFD3242F80EC008E2602 /* States.json */ = {isa = PBXFileReference; lastKnownFileType = text.json; path = States.json; sourceTree = "<group>"; };
		9442AFD5242F8122008E2602 /* StateLookupData.swift */ = {isa = PBXFileReference; lastKnownFileType = sourcecode.swift; path = StateLookupData.swift; sourceTree = "<group>"; };
		9442AFD7242F8262008E2602 /* StateDetailView.swift */ = {isa = PBXFileReference; lastKnownFileType = sourcecode.swift; path = StateDetailView.swift; sourceTree = "<group>"; };
		9442AFD9242F9553008E2602 /* Logs.swift */ = {isa = PBXFileReference; lastKnownFileType = sourcecode.swift; path = Logs.swift; sourceTree = "<group>"; };
		9442AFDB243041CB008E2602 /* StateInfo.json */ = {isa = PBXFileReference; lastKnownFileType = text.json; path = StateInfo.json; sourceTree = "<group>"; };
		9442AFDD243041FC008E2602 /* PressInfo.json */ = {isa = PBXFileReference; lastKnownFileType = text.json; path = PressInfo.json; sourceTree = "<group>"; };
		9442AFE12430C94F008E2602 /* StateInfoViewModel.swift */ = {isa = PBXFileReference; lastKnownFileType = sourcecode.swift; path = StateInfoViewModel.swift; sourceTree = "<group>"; };
		9442AFE32430CBB0008E2602 /* StateInfoView.swift */ = {isa = PBXFileReference; lastKnownFileType = sourcecode.swift; path = StateInfoView.swift; sourceTree = "<group>"; };
		9442AFE52430D870008E2602 /* StateWebController.swift */ = {isa = PBXFileReference; lastKnownFileType = sourcecode.swift; path = StateWebController.swift; sourceTree = "<group>"; };
		9442AFE72430EFAC008E2602 /* LoadingView.swift */ = {isa = PBXFileReference; lastKnownFileType = sourcecode.swift; path = LoadingView.swift; sourceTree = "<group>"; };
		9442AFE924313FE7008E2602 /* StatePressView.swift */ = {isa = PBXFileReference; lastKnownFileType = sourcecode.swift; path = StatePressView.swift; sourceTree = "<group>"; };
		9442AFEB24314004008E2602 /* StatePressViewModel.swift */ = {isa = PBXFileReference; lastKnownFileType = sourcecode.swift; path = StatePressViewModel.swift; sourceTree = "<group>"; };
		9442AFED24320A91008E2602 /* UserData.swift */ = {isa = PBXFileReference; lastKnownFileType = sourcecode.swift; path = UserData.swift; sourceTree = "<group>"; };
		947D2001243AC0A700F878A8 /* USTotalsView.swift */ = {isa = PBXFileReference; lastKnownFileType = sourcecode.swift; path = USTotalsView.swift; sourceTree = "<group>"; };
		94DD8FBB2432D81E003EC554 /* StateDaily.json */ = {isa = PBXFileReference; lastKnownFileType = text.json; path = StateDaily.json; sourceTree = "<group>"; };
		94EF6280242E5251006BFB4F /* COVID Tracker.app */ = {isa = PBXFileReference; explicitFileType = wrapper.application; includeInIndex = 0; path = "COVID Tracker.app"; sourceTree = BUILT_PRODUCTS_DIR; };
		94EF6283242E5251006BFB4F /* AppDelegate.swift */ = {isa = PBXFileReference; lastKnownFileType = sourcecode.swift; path = AppDelegate.swift; sourceTree = "<group>"; };
		94EF6285242E5251006BFB4F /* SceneDelegate.swift */ = {isa = PBXFileReference; lastKnownFileType = sourcecode.swift; path = SceneDelegate.swift; sourceTree = "<group>"; };
		94EF6287242E5251006BFB4F /* ContentView.swift */ = {isa = PBXFileReference; lastKnownFileType = sourcecode.swift; path = ContentView.swift; sourceTree = "<group>"; };
		94EF6289242E5253006BFB4F /* Assets.xcassets */ = {isa = PBXFileReference; lastKnownFileType = folder.assetcatalog; path = Assets.xcassets; sourceTree = "<group>"; };
		94EF628C242E5253006BFB4F /* Preview Assets.xcassets */ = {isa = PBXFileReference; lastKnownFileType = folder.assetcatalog; path = "Preview Assets.xcassets"; sourceTree = "<group>"; };
		94EF628F242E5253006BFB4F /* Base */ = {isa = PBXFileReference; lastKnownFileType = file.storyboard; name = Base; path = Base.lproj/LaunchScreen.storyboard; sourceTree = "<group>"; };
		94EF6291242E5253006BFB4F /* Info.plist */ = {isa = PBXFileReference; lastKnownFileType = text.plist.xml; path = Info.plist; sourceTree = "<group>"; };
		94EF6296242E5253006BFB4F /* covid19trackerTests.xctest */ = {isa = PBXFileReference; explicitFileType = wrapper.cfbundle; includeInIndex = 0; path = covid19trackerTests.xctest; sourceTree = BUILT_PRODUCTS_DIR; };
		94EF629A242E5253006BFB4F /* StateDataTest.swift */ = {isa = PBXFileReference; lastKnownFileType = sourcecode.swift; path = StateDataTest.swift; sourceTree = "<group>"; };
		94EF629C242E5253006BFB4F /* Info.plist */ = {isa = PBXFileReference; lastKnownFileType = text.plist.xml; path = Info.plist; sourceTree = "<group>"; };
		94EF62A8242E5801006BFB4F /* covid19tracker.entitlements */ = {isa = PBXFileReference; lastKnownFileType = text.plist.entitlements; path = covid19tracker.entitlements; sourceTree = "<group>"; };
		94EF62AA242E5F43006BFB4F /* Models.swift */ = {isa = PBXFileReference; lastKnownFileType = sourcecode.swift; path = Models.swift; sourceTree = "<group>"; };
		94EF62AD242E61D2006BFB4F /* StateMock.json */ = {isa = PBXFileReference; lastKnownFileType = text.json; path = StateMock.json; sourceTree = "<group>"; };
		94EF62B0242E641E006BFB4F /* FileSystemExtensions.swift */ = {isa = PBXFileReference; lastKnownFileType = sourcecode.swift; path = FileSystemExtensions.swift; sourceTree = "<group>"; };
		94EF62B3242E7DED006BFB4F /* StateViewModel.swift */ = {isa = PBXFileReference; lastKnownFileType = sourcecode.swift; path = StateViewModel.swift; sourceTree = "<group>"; };
		94EF62B6242E8125006BFB4F /* StateFetcher.swift */ = {isa = PBXFileReference; lastKnownFileType = sourcecode.swift; path = StateFetcher.swift; sourceTree = "<group>"; };
		94EF62B9242E8232006BFB4F /* ErrorConstants.swift */ = {isa = PBXFileReference; lastKnownFileType = sourcecode.swift; path = ErrorConstants.swift; sourceTree = "<group>"; };
		94EF62BB242E8C2C006BFB4F /* Parsing.swift */ = {isa = PBXFileReference; lastKnownFileType = sourcecode.swift; path = Parsing.swift; sourceTree = "<group>"; };
		94EF62BD242E8FEE006BFB4F /* StatesView.swift */ = {isa = PBXFileReference; lastKnownFileType = sourcecode.swift; path = StatesView.swift; sourceTree = "<group>"; };
		94F64883244C8804002C8284 /* AboutView.swift */ = {isa = PBXFileReference; lastKnownFileType = sourcecode.swift; path = AboutView.swift; sourceTree = "<group>"; };
		94F64885244F89AA002C8284 /* BarView.swift */ = {isa = PBXFileReference; lastKnownFileType = sourcecode.swift; path = BarView.swift; sourceTree = "<group>"; };
		FA1F78C4243A394600FFC39F /* USTotals.json */ = {isa = PBXFileReference; lastKnownFileType = text.json; path = USTotals.json; sourceTree = "<group>"; };
		FA78982C244B664C0060993E /* ErrorLog.json */ = {isa = PBXFileReference; lastKnownFileType = text.json; path = ErrorLog.json; sourceTree = "<group>"; };
		FAD586D3243A889200718C56 /* USInfoViewModel.swift */ = {isa = PBXFileReference; lastKnownFileType = sourcecode.swift; path = USInfoViewModel.swift; sourceTree = "<group>"; };
/* End PBXFileReference section */

/* Begin PBXFrameworksBuildPhase section */
		94EF627D242E5251006BFB4F /* Frameworks */ = {
			isa = PBXFrameworksBuildPhase;
			buildActionMask = 2147483647;
			files = (
			);
			runOnlyForDeploymentPostprocessing = 0;
		};
		94EF6293242E5253006BFB4F /* Frameworks */ = {
			isa = PBXFrameworksBuildPhase;
			buildActionMask = 2147483647;
			files = (
			);
			runOnlyForDeploymentPostprocessing = 0;
		};
/* End PBXFrameworksBuildPhase section */

/* Begin PBXGroup section */
		94EF6277242E5251006BFB4F = {
			isa = PBXGroup;
			children = (
				94EF6282242E5251006BFB4F /* covid19tracker */,
				94EF6299242E5253006BFB4F /* covid19trackerTests */,
				94EF6281242E5251006BFB4F /* Products */,
			);
			sourceTree = "<group>";
		};
		94EF6281242E5251006BFB4F /* Products */ = {
			isa = PBXGroup;
			children = (
				94EF6280242E5251006BFB4F /* COVID Tracker.app */,
				94EF6296242E5253006BFB4F /* covid19trackerTests.xctest */,
			);
			name = Products;
			sourceTree = "<group>";
		};
		94EF6282242E5251006BFB4F /* covid19tracker */ = {
			isa = PBXGroup;
			children = (
				94EF62A8242E5801006BFB4F /* covid19tracker.entitlements */,
				94EF62A5242E55DC006BFB4F /* System */,
				94EF62A6242E55F1006BFB4F /* UI */,
				94EF62B5242E7DF7006BFB4F /* ViewModel */,
				94EF62A9242E5F1F006BFB4F /* Models */,
				94EF62A7242E560A006BFB4F /* Resources */,
				94EF628B242E5253006BFB4F /* Preview Content */,
				94EF62B2242E6426006BFB4F /* Utilities */,
				94EF62B8242E812F006BFB4F /* Fetchers */,
			);
			path = covid19tracker;
			sourceTree = "<group>";
		};
		94EF628B242E5253006BFB4F /* Preview Content */ = {
			isa = PBXGroup;
			children = (
				94EF628C242E5253006BFB4F /* Preview Assets.xcassets */,
			);
			path = "Preview Content";
			sourceTree = "<group>";
		};
		94EF6299242E5253006BFB4F /* covid19trackerTests */ = {
			isa = PBXGroup;
			children = (
				94EF629C242E5253006BFB4F /* Info.plist */,
				94EF62AC242E61AD006BFB4F /* Cases */,
				94EF62AF242E6207006BFB4F /* Mocks */,
			);
			path = covid19trackerTests;
			sourceTree = "<group>";
		};
		94EF62A5242E55DC006BFB4F /* System */ = {
			isa = PBXGroup;
			children = (
				94EF6283242E5251006BFB4F /* AppDelegate.swift */,
				94EF6285242E5251006BFB4F /* SceneDelegate.swift */,
			);
			path = System;
			sourceTree = "<group>";
		};
		94EF62A6242E55F1006BFB4F /* UI */ = {
			isa = PBXGroup;
			children = (
				94EF6287242E5251006BFB4F /* ContentView.swift */,
				94EF62BD242E8FEE006BFB4F /* StatesView.swift */,
				9442AFD7242F8262008E2602 /* StateDetailView.swift */,
				9442AFE32430CBB0008E2602 /* StateInfoView.swift */,
				9442AFE52430D870008E2602 /* StateWebController.swift */,
				9442AFE72430EFAC008E2602 /* LoadingView.swift */,
				9442AFE924313FE7008E2602 /* StatePressView.swift */,
				947D2001243AC0A700F878A8 /* USTotalsView.swift */,
				94F64883244C8804002C8284 /* AboutView.swift */,
				94F64885244F89AA002C8284 /* BarView.swift */,
			);
			path = UI;
			sourceTree = "<group>";
		};
		94EF62A7242E560A006BFB4F /* Resources */ = {
			isa = PBXGroup;
			children = (
				94EF6291242E5253006BFB4F /* Info.plist */,
				94EF6289242E5253006BFB4F /* Assets.xcassets */,
				94EF628E242E5253006BFB4F /* LaunchScreen.storyboard */,
			);
			path = Resources;
			sourceTree = "<group>";
		};
		94EF62A9242E5F1F006BFB4F /* Models */ = {
			isa = PBXGroup;
			children = (
				94EF62AA242E5F43006BFB4F /* Models.swift */,
				9442AFED24320A91008E2602 /* UserData.swift */,
			);
			path = Models;
			sourceTree = "<group>";
		};
		94EF62AC242E61AD006BFB4F /* Cases */ = {
			isa = PBXGroup;
			children = (
				94EF629A242E5253006BFB4F /* StateDataTest.swift */,
			);
			path = Cases;
			sourceTree = "<group>";
		};
		94EF62AF242E6207006BFB4F /* Mocks */ = {
			isa = PBXGroup;
			children = (
				94EF62AD242E61D2006BFB4F /* StateMock.json */,
				9442AFD3242F80EC008E2602 /* States.json */,
				9442AFDB243041CB008E2602 /* StateInfo.json */,
				9442AFDD243041FC008E2602 /* PressInfo.json */,
				94DD8FBB2432D81E003EC554 /* StateDaily.json */,
				FA1F78C4243A394600FFC39F /* USTotals.json */,
				FA78982C244B664C0060993E /* ErrorLog.json */,
			);
			path = Mocks;
			sourceTree = "<group>";
		};
		94EF62B2242E6426006BFB4F /* Utilities */ = {
			isa = PBXGroup;
			children = (
				94EF62B0242E641E006BFB4F /* FileSystemExtensions.swift */,
				94EF62B9242E8232006BFB4F /* ErrorConstants.swift */,
				94EF62BB242E8C2C006BFB4F /* Parsing.swift */,
				9442AFD5242F8122008E2602 /* StateLookupData.swift */,
				9442AFD9242F9553008E2602 /* Logs.swift */,
			);
			path = Utilities;
			sourceTree = "<group>";
		};
		94EF62B5242E7DF7006BFB4F /* ViewModel */ = {
			isa = PBXGroup;
			children = (
				FAD586D3243A889200718C56 /* USInfoViewModel.swift */,
				94EF62B3242E7DED006BFB4F /* StateViewModel.swift */,
				9442AFE12430C94F008E2602 /* StateInfoViewModel.swift */,
				9442AFEB24314004008E2602 /* StatePressViewModel.swift */,
			);
			path = ViewModel;
			sourceTree = "<group>";
		};
		94EF62B8242E812F006BFB4F /* Fetchers */ = {
			isa = PBXGroup;
			children = (
				94EF62B6242E8125006BFB4F /* StateFetcher.swift */,
			);
			path = Fetchers;
			sourceTree = "<group>";
		};
/* End PBXGroup section */

/* Begin PBXNativeTarget section */
		94EF627F242E5251006BFB4F /* covid19tracker */ = {
			isa = PBXNativeTarget;
			buildConfigurationList = 94EF629F242E5253006BFB4F /* Build configuration list for PBXNativeTarget "covid19tracker" */;
			buildPhases = (
				94EF627C242E5251006BFB4F /* Sources */,
				94EF627D242E5251006BFB4F /* Frameworks */,
				94EF627E242E5251006BFB4F /* Resources */,
			);
			buildRules = (
			);
			dependencies = (
			);
			name = covid19tracker;
			productName = covid19tracker;
			productReference = 94EF6280242E5251006BFB4F /* COVID Tracker.app */;
			productType = "com.apple.product-type.application";
		};
		94EF6295242E5253006BFB4F /* covid19trackerTests */ = {
			isa = PBXNativeTarget;
			buildConfigurationList = 94EF62A2242E5253006BFB4F /* Build configuration list for PBXNativeTarget "covid19trackerTests" */;
			buildPhases = (
				94EF6292242E5253006BFB4F /* Sources */,
				94EF6293242E5253006BFB4F /* Frameworks */,
				94EF6294242E5253006BFB4F /* Resources */,
			);
			buildRules = (
			);
			dependencies = (
				94229808244A2C94000EA10F /* PBXTargetDependency */,
			);
			name = covid19trackerTests;
			productName = covid19trackerTests;
			productReference = 94EF6296242E5253006BFB4F /* covid19trackerTests.xctest */;
			productType = "com.apple.product-type.bundle.unit-test";
		};
/* End PBXNativeTarget section */

/* Begin PBXProject section */
		94EF6278242E5251006BFB4F /* Project object */ = {
			isa = PBXProject;
			attributes = {
				LastSwiftUpdateCheck = 1140;
				LastUpgradeCheck = 1140;
				ORGANIZATIONNAME = "Calkins Computer Consulting";
				TargetAttributes = {
					94EF627F242E5251006BFB4F = {
						CreatedOnToolsVersion = 11.4;
					};
					94EF6295242E5253006BFB4F = {
						CreatedOnToolsVersion = 11.4;
						TestTargetID = 94EF627F242E5251006BFB4F;
					};
				};
			};
			buildConfigurationList = 94EF627B242E5251006BFB4F /* Build configuration list for PBXProject "covid19tracker" */;
			compatibilityVersion = "Xcode 9.3";
			developmentRegion = en;
			hasScannedForEncodings = 0;
			knownRegions = (
				en,
				Base,
			);
			mainGroup = 94EF6277242E5251006BFB4F;
			productRefGroup = 94EF6281242E5251006BFB4F /* Products */;
			projectDirPath = "";
			projectRoot = "";
			targets = (
				94EF627F242E5251006BFB4F /* covid19tracker */,
				94EF6295242E5253006BFB4F /* covid19trackerTests */,
			);
		};
/* End PBXProject section */

/* Begin PBXResourcesBuildPhase section */
		94EF627E242E5251006BFB4F /* Resources */ = {
			isa = PBXResourcesBuildPhase;
			buildActionMask = 2147483647;
			files = (
				94EF6290242E5253006BFB4F /* LaunchScreen.storyboard in Resources */,
				94EF628D242E5253006BFB4F /* Preview Assets.xcassets in Resources */,
				94EF628A242E5253006BFB4F /* Assets.xcassets in Resources */,
			);
			runOnlyForDeploymentPostprocessing = 0;
		};
		94EF6294242E5253006BFB4F /* Resources */ = {
			isa = PBXResourcesBuildPhase;
			buildActionMask = 2147483647;
			files = (
				FA1F78C5243A394600FFC39F /* USTotals.json in Resources */,
				94EF62AE242E61D2006BFB4F /* StateMock.json in Resources */,
				9442AFDC243041CB008E2602 /* StateInfo.json in Resources */,
				9442AFD4242F80EC008E2602 /* States.json in Resources */,
				94DD8FBC2432D81E003EC554 /* StateDaily.json in Resources */,
				FA78982D244B664C0060993E /* ErrorLog.json in Resources */,
				9442AFDE243041FC008E2602 /* PressInfo.json in Resources */,
			);
			runOnlyForDeploymentPostprocessing = 0;
		};
/* End PBXResourcesBuildPhase section */

/* Begin PBXSourcesBuildPhase section */
		94EF627C242E5251006BFB4F /* Sources */ = {
			isa = PBXSourcesBuildPhase;
			buildActionMask = 2147483647;
			files = (
				94F64886244F89AA002C8284 /* BarView.swift in Sources */,
				94EF62B4242E7DED006BFB4F /* StateViewModel.swift in Sources */,
				9442AFD6242F8122008E2602 /* StateLookupData.swift in Sources */,
				94EF62BC242E8C2C006BFB4F /* Parsing.swift in Sources */,
				94EF62BE242E8FEE006BFB4F /* StatesView.swift in Sources */,
				9442AFE82430EFAC008E2602 /* LoadingView.swift in Sources */,
				9442AFDA242F9553008E2602 /* Logs.swift in Sources */,
				9442AFEA24313FE7008E2602 /* StatePressView.swift in Sources */,
				9442AFEC24314004008E2602 /* StatePressViewModel.swift in Sources */,
				9442AFE42430CBB0008E2602 /* StateInfoView.swift in Sources */,
				947D2002243AC0A700F878A8 /* USTotalsView.swift in Sources */,
				94EF6284242E5251006BFB4F /* AppDelegate.swift in Sources */,
				94EF6286242E5251006BFB4F /* SceneDelegate.swift in Sources */,
				94EF62B7242E8125006BFB4F /* StateFetcher.swift in Sources */,
				94F64884244C8804002C8284 /* AboutView.swift in Sources */,
				9442AFD8242F8262008E2602 /* StateDetailView.swift in Sources */,
				94EF62AB242E5F43006BFB4F /* Models.swift in Sources */,
				9442AFE62430D870008E2602 /* StateWebController.swift in Sources */,
				FAD586D4243A889200718C56 /* USInfoViewModel.swift in Sources */,
				94EF6288242E5251006BFB4F /* ContentView.swift in Sources */,
				94EF62BA242E8232006BFB4F /* ErrorConstants.swift in Sources */,
				9442AFE22430C94F008E2602 /* StateInfoViewModel.swift in Sources */,
				9442AFEE24320A91008E2602 /* UserData.swift in Sources */,
				94EF62B1242E641E006BFB4F /* FileSystemExtensions.swift in Sources */,
			);
			runOnlyForDeploymentPostprocessing = 0;
		};
		94EF6292242E5253006BFB4F /* Sources */ = {
			isa = PBXSourcesBuildPhase;
			buildActionMask = 2147483647;
			files = (
				94EF629B242E5253006BFB4F /* StateDataTest.swift in Sources */,
			);
			runOnlyForDeploymentPostprocessing = 0;
		};
/* End PBXSourcesBuildPhase section */

/* Begin PBXTargetDependency section */
		94229808244A2C94000EA10F /* PBXTargetDependency */ = {
			isa = PBXTargetDependency;
			target = 94EF627F242E5251006BFB4F /* covid19tracker */;
			targetProxy = 94229807244A2C94000EA10F /* PBXContainerItemProxy */;
		};
/* End PBXTargetDependency section */

/* Begin PBXVariantGroup section */
		94EF628E242E5253006BFB4F /* LaunchScreen.storyboard */ = {
			isa = PBXVariantGroup;
			children = (
				94EF628F242E5253006BFB4F /* Base */,
			);
			name = LaunchScreen.storyboard;
			sourceTree = "<group>";
		};
/* End PBXVariantGroup section */

/* Begin XCBuildConfiguration section */
		94EF629D242E5253006BFB4F /* Debug */ = {
			isa = XCBuildConfiguration;
			buildSettings = {
				ALWAYS_SEARCH_USER_PATHS = NO;
				CLANG_ANALYZER_NONNULL = YES;
				CLANG_ANALYZER_NUMBER_OBJECT_CONVERSION = YES_AGGRESSIVE;
				CLANG_CXX_LANGUAGE_STANDARD = "gnu++14";
				CLANG_CXX_LIBRARY = "libc++";
				CLANG_ENABLE_MODULES = YES;
				CLANG_ENABLE_OBJC_ARC = YES;
				CLANG_ENABLE_OBJC_WEAK = YES;
				CLANG_WARN_BLOCK_CAPTURE_AUTORELEASING = YES;
				CLANG_WARN_BOOL_CONVERSION = YES;
				CLANG_WARN_COMMA = YES;
				CLANG_WARN_CONSTANT_CONVERSION = YES;
				CLANG_WARN_DEPRECATED_OBJC_IMPLEMENTATIONS = YES;
				CLANG_WARN_DIRECT_OBJC_ISA_USAGE = YES_ERROR;
				CLANG_WARN_DOCUMENTATION_COMMENTS = YES;
				CLANG_WARN_EMPTY_BODY = YES;
				CLANG_WARN_ENUM_CONVERSION = YES;
				CLANG_WARN_INFINITE_RECURSION = YES;
				CLANG_WARN_INT_CONVERSION = YES;
				CLANG_WARN_NON_LITERAL_NULL_CONVERSION = YES;
				CLANG_WARN_OBJC_IMPLICIT_RETAIN_SELF = YES;
				CLANG_WARN_OBJC_LITERAL_CONVERSION = YES;
				CLANG_WARN_OBJC_ROOT_CLASS = YES_ERROR;
				CLANG_WARN_RANGE_LOOP_ANALYSIS = YES;
				CLANG_WARN_STRICT_PROTOTYPES = YES;
				CLANG_WARN_SUSPICIOUS_MOVE = YES;
				CLANG_WARN_UNGUARDED_AVAILABILITY = YES_AGGRESSIVE;
				CLANG_WARN_UNREACHABLE_CODE = YES;
				CLANG_WARN__DUPLICATE_METHOD_MATCH = YES;
				COPY_PHASE_STRIP = NO;
				DEBUG_INFORMATION_FORMAT = dwarf;
				ENABLE_STRICT_OBJC_MSGSEND = YES;
				ENABLE_TESTABILITY = YES;
				GCC_C_LANGUAGE_STANDARD = gnu11;
				GCC_DYNAMIC_NO_PIC = NO;
				GCC_NO_COMMON_BLOCKS = YES;
				GCC_OPTIMIZATION_LEVEL = 0;
				GCC_PREPROCESSOR_DEFINITIONS = (
					"DEBUG=1",
					"$(inherited)",
				);
				GCC_WARN_64_TO_32_BIT_CONVERSION = YES;
				GCC_WARN_ABOUT_RETURN_TYPE = YES_ERROR;
				GCC_WARN_UNDECLARED_SELECTOR = YES;
				GCC_WARN_UNINITIALIZED_AUTOS = YES_AGGRESSIVE;
				GCC_WARN_UNUSED_FUNCTION = YES;
				GCC_WARN_UNUSED_VARIABLE = YES;
				IPHONEOS_DEPLOYMENT_TARGET = 13.4;
				MTL_ENABLE_DEBUG_INFO = INCLUDE_SOURCE;
				MTL_FAST_MATH = YES;
				ONLY_ACTIVE_ARCH = YES;
				SDKROOT = iphoneos;
				SWIFT_ACTIVE_COMPILATION_CONDITIONS = DEBUG;
				SWIFT_OPTIMIZATION_LEVEL = "-Onone";
			};
			name = Debug;
		};
		94EF629E242E5253006BFB4F /* Release */ = {
			isa = XCBuildConfiguration;
			buildSettings = {
				ALWAYS_SEARCH_USER_PATHS = NO;
				CLANG_ANALYZER_NONNULL = YES;
				CLANG_ANALYZER_NUMBER_OBJECT_CONVERSION = YES_AGGRESSIVE;
				CLANG_CXX_LANGUAGE_STANDARD = "gnu++14";
				CLANG_CXX_LIBRARY = "libc++";
				CLANG_ENABLE_MODULES = YES;
				CLANG_ENABLE_OBJC_ARC = YES;
				CLANG_ENABLE_OBJC_WEAK = YES;
				CLANG_WARN_BLOCK_CAPTURE_AUTORELEASING = YES;
				CLANG_WARN_BOOL_CONVERSION = YES;
				CLANG_WARN_COMMA = YES;
				CLANG_WARN_CONSTANT_CONVERSION = YES;
				CLANG_WARN_DEPRECATED_OBJC_IMPLEMENTATIONS = YES;
				CLANG_WARN_DIRECT_OBJC_ISA_USAGE = YES_ERROR;
				CLANG_WARN_DOCUMENTATION_COMMENTS = YES;
				CLANG_WARN_EMPTY_BODY = YES;
				CLANG_WARN_ENUM_CONVERSION = YES;
				CLANG_WARN_INFINITE_RECURSION = YES;
				CLANG_WARN_INT_CONVERSION = YES;
				CLANG_WARN_NON_LITERAL_NULL_CONVERSION = YES;
				CLANG_WARN_OBJC_IMPLICIT_RETAIN_SELF = YES;
				CLANG_WARN_OBJC_LITERAL_CONVERSION = YES;
				CLANG_WARN_OBJC_ROOT_CLASS = YES_ERROR;
				CLANG_WARN_RANGE_LOOP_ANALYSIS = YES;
				CLANG_WARN_STRICT_PROTOTYPES = YES;
				CLANG_WARN_SUSPICIOUS_MOVE = YES;
				CLANG_WARN_UNGUARDED_AVAILABILITY = YES_AGGRESSIVE;
				CLANG_WARN_UNREACHABLE_CODE = YES;
				CLANG_WARN__DUPLICATE_METHOD_MATCH = YES;
				COPY_PHASE_STRIP = NO;
				DEBUG_INFORMATION_FORMAT = "dwarf-with-dsym";
				ENABLE_NS_ASSERTIONS = NO;
				ENABLE_STRICT_OBJC_MSGSEND = YES;
				GCC_C_LANGUAGE_STANDARD = gnu11;
				GCC_NO_COMMON_BLOCKS = YES;
				GCC_WARN_64_TO_32_BIT_CONVERSION = YES;
				GCC_WARN_ABOUT_RETURN_TYPE = YES_ERROR;
				GCC_WARN_UNDECLARED_SELECTOR = YES;
				GCC_WARN_UNINITIALIZED_AUTOS = YES_AGGRESSIVE;
				GCC_WARN_UNUSED_FUNCTION = YES;
				GCC_WARN_UNUSED_VARIABLE = YES;
				IPHONEOS_DEPLOYMENT_TARGET = 13.4;
				MTL_ENABLE_DEBUG_INFO = NO;
				MTL_FAST_MATH = YES;
				SDKROOT = iphoneos;
				SWIFT_COMPILATION_MODE = wholemodule;
				SWIFT_OPTIMIZATION_LEVEL = "-O";
				VALIDATE_PRODUCT = YES;
			};
			name = Release;
		};
		94EF62A0242E5253006BFB4F /* Debug */ = {
			isa = XCBuildConfiguration;
			buildSettings = {
				ASSETCATALOG_COMPILER_APPICON_NAME = AppIcon;
				CODE_SIGN_ENTITLEMENTS = covid19tracker/covid19tracker.entitlements;
				CODE_SIGN_STYLE = Automatic;
				CURRENT_PROJECT_VERSION = 1;
				DEVELOPMENT_ASSET_PATHS = "\"covid19tracker/Preview Content\"";
				DEVELOPMENT_TEAM = GAW47D4MAE;
				ENABLE_PREVIEWS = YES;
				INFOPLIST_FILE = covid19tracker/Resources/Info.plist;
				LD_RUNPATH_SEARCH_PATHS = (
					"$(inherited)",
					"@executable_path/Frameworks",
				);
				MARKETING_VERSION = 1.1;
				PRODUCT_BUNDLE_IDENTIFIER = com.c3.covid19tracker;
				PRODUCT_NAME = "COVID Tracker";
				SUPPORTS_MACCATALYST = YES;
				SWIFT_VERSION = 5.0;
				TARGETED_DEVICE_FAMILY = "1,2";
			};
			name = Debug;
		};
		94EF62A1242E5253006BFB4F /* Release */ = {
			isa = XCBuildConfiguration;
			buildSettings = {
				ASSETCATALOG_COMPILER_APPICON_NAME = AppIcon;
				CODE_SIGN_ENTITLEMENTS = covid19tracker/covid19tracker.entitlements;
				CODE_SIGN_STYLE = Automatic;
				CURRENT_PROJECT_VERSION = 1;
				DEVELOPMENT_ASSET_PATHS = "\"covid19tracker/Preview Content\"";
				DEVELOPMENT_TEAM = GAW47D4MAE;
				ENABLE_PREVIEWS = YES;
				INFOPLIST_FILE = covid19tracker/Resources/Info.plist;
				LD_RUNPATH_SEARCH_PATHS = (
					"$(inherited)",
					"@executable_path/Frameworks",
				);
				MARKETING_VERSION = 1.1;
				PRODUCT_BUNDLE_IDENTIFIER = com.c3.covid19tracker;
				PRODUCT_NAME = "COVID Tracker";
				SUPPORTS_MACCATALYST = YES;
				SWIFT_VERSION = 5.0;
				TARGETED_DEVICE_FAMILY = "1,2";
			};
			name = Release;
		};
		94EF62A3242E5253006BFB4F /* Debug */ = {
			isa = XCBuildConfiguration;
			buildSettings = {
				ALWAYS_EMBED_SWIFT_STANDARD_LIBRARIES = YES;
				BUNDLE_LOADER = "$(TEST_HOST)";
				"CODE_SIGN_IDENTITY[sdk=macosx*]" = "Apple Development";
				CODE_SIGN_STYLE = Automatic;
				DEVELOPMENT_TEAM = GAW47D4MAE;
				INFOPLIST_FILE = covid19trackerTests/Info.plist;
				IPHONEOS_DEPLOYMENT_TARGET = 13.4;
				LD_RUNPATH_SEARCH_PATHS = (
					"$(inherited)",
					"@executable_path/Frameworks",
					"@loader_path/Frameworks",
				);
				PRODUCT_BUNDLE_IDENTIFIER = com.c3.covid19trackerTests;
				PRODUCT_NAME = "$(TARGET_NAME)";
				SWIFT_VERSION = 5.0;
				TARGETED_DEVICE_FAMILY = "1,2";
				TEST_HOST = "$(BUILT_PRODUCTS_DIR)/COVID Tracker.app/COVID Tracker";
			};
			name = Debug;
		};
		94EF62A4242E5253006BFB4F /* Release */ = {
			isa = XCBuildConfiguration;
			buildSettings = {
				ALWAYS_EMBED_SWIFT_STANDARD_LIBRARIES = YES;
				BUNDLE_LOADER = "$(TEST_HOST)";
				"CODE_SIGN_IDENTITY[sdk=macosx*]" = "Apple Development";
				CODE_SIGN_STYLE = Automatic;
				DEVELOPMENT_TEAM = GAW47D4MAE;
				INFOPLIST_FILE = covid19trackerTests/Info.plist;
				IPHONEOS_DEPLOYMENT_TARGET = 13.4;
				LD_RUNPATH_SEARCH_PATHS = (
					"$(inherited)",
					"@executable_path/Frameworks",
					"@loader_path/Frameworks",
				);
				PRODUCT_BUNDLE_IDENTIFIER = com.c3.covid19trackerTests;
				PRODUCT_NAME = "$(TARGET_NAME)";
				SWIFT_VERSION = 5.0;
				TARGETED_DEVICE_FAMILY = "1,2";
				TEST_HOST = "$(BUILT_PRODUCTS_DIR)/COVID Tracker.app/COVID Tracker";
			};
			name = Release;
		};
/* End XCBuildConfiguration section */

/* Begin XCConfigurationList section */
		94EF627B242E5251006BFB4F /* Build configuration list for PBXProject "covid19tracker" */ = {
			isa = XCConfigurationList;
			buildConfigurations = (
				94EF629D242E5253006BFB4F /* Debug */,
				94EF629E242E5253006BFB4F /* Release */,
			);
			defaultConfigurationIsVisible = 0;
			defaultConfigurationName = Release;
		};
		94EF629F242E5253006BFB4F /* Build configuration list for PBXNativeTarget "covid19tracker" */ = {
			isa = XCConfigurationList;
			buildConfigurations = (
				94EF62A0242E5253006BFB4F /* Debug */,
				94EF62A1242E5253006BFB4F /* Release */,
			);
			defaultConfigurationIsVisible = 0;
			defaultConfigurationName = Release;
		};
		94EF62A2242E5253006BFB4F /* Build configuration list for PBXNativeTarget "covid19trackerTests" */ = {
			isa = XCConfigurationList;
			buildConfigurations = (
				94EF62A3242E5253006BFB4F /* Debug */,
				94EF62A4242E5253006BFB4F /* Release */,
			);
			defaultConfigurationIsVisible = 0;
			defaultConfigurationName = Release;
		};
/* End XCConfigurationList section */
	};
	rootObject = 94EF6278242E5251006BFB4F /* Project object */;
}
